
Microsoft Visual Studio Solution File, Format Version 12.00
# Visual Studio Version 16
VisualStudioVersion = 16.0.31025.194
MinimumVisualStudioVersion = 10.0.40219.1
Project("{9A19103F-16F7-4668-BE54-9A1E7A4F7556}") = "myshop", "myshop\myshop.csproj", "{2E398AA6-27A4-48BC-91E7-37055EB34F7D}"
EndProject
Global
	GlobalSection(SolutionConfigurationPlatforms) = preSolution
		Debug|Any CPU = Debug|Any CPU
		Release|Any CPU = Release|Any CPU
	EndGlobalSection
	GlobalSection(ProjectConfigurationPlatforms) = postSolution
		{2E398AA6-27A4-48BC-91E7-37055EB34F7D}.Debug|Any CPU.ActiveCfg = Debug|Any CPU
		{2E398AA6-27A4-48BC-91E7-37055EB34F7D}.Debug|Any CPU.Build.0 = Debug|Any CPU
		{2E398AA6-27A4-48BC-91E7-37055EB34F7D}.Release|Any CPU.ActiveCfg = Release|Any CPU
		{2E398AA6-27A4-48BC-91E7-37055EB34F7D}.Release|Any CPU.Build.0 = Release|Any CPU
	EndGlobalSection
	GlobalSection(SolutionProperties) = preSolution
		HideSolutionNode = FALSE
	EndGlobalSection
	GlobalSection(ExtensibilityGlobals) = postSolution
		SolutionGuid = {54B979C3-534B-4223-8677-496768191E39}
	EndGlobalSection
EndGlobal
